// !$*UTF8*$!
{
	archiveVersion = 1;
	classes = {
	};
	objectVersion = 46;
	objects = {

/* Begin PBXBuildFile section */
		205AD25618C37EF600F7D3FB /* Foundation.framework in Frameworks */ = {isa = PBXBuildFile; fileRef = 205AD25518C37EF600F7D3FB /* Foundation.framework */; };
		205AD25818C37EF600F7D3FB /* CoreGraphics.framework in Frameworks */ = {isa = PBXBuildFile; fileRef = 205AD25718C37EF600F7D3FB /* CoreGraphics.framework */; };
		205AD25A18C37EF600F7D3FB /* UIKit.framework in Frameworks */ = {isa = PBXBuildFile; fileRef = 205AD25918C37EF600F7D3FB /* UIKit.framework */; };
		205AD26018C37EF600F7D3FB /* InfoPlist.strings in Resources */ = {isa = PBXBuildFile; fileRef = 205AD25E18C37EF600F7D3FB /* InfoPlist.strings */; };
		205AD26218C37EF600F7D3FB /* main.m in Sources */ = {isa = PBXBuildFile; fileRef = 205AD26118C37EF600F7D3FB /* main.m */; };
		205AD26618C37EF600F7D3FB /* AppDelegate.m in Sources */ = {isa = PBXBuildFile; fileRef = 205AD26518C37EF600F7D3FB /* AppDelegate.m */; };
		205AD26918C37EF600F7D3FB /* Main.storyboard in Resources */ = {isa = PBXBuildFile; fileRef = 205AD26718C37EF600F7D3FB /* Main.storyboard */; };
		205AD26C18C37EF600F7D3FB /* ViewController.m in Sources */ = {isa = PBXBuildFile; fileRef = 205AD26B18C37EF600F7D3FB /* ViewController.m */; };
		205AD26E18C37EF600F7D3FB /* Images.xcassets in Resources */ = {isa = PBXBuildFile; fileRef = 205AD26D18C37EF600F7D3FB /* Images.xcassets */; };
		205AD27518C37EF600F7D3FB /* XCTest.framework in Frameworks */ = {isa = PBXBuildFile; fileRef = 205AD27418C37EF600F7D3FB /* XCTest.framework */; };
		205AD27618C37EF600F7D3FB /* Foundation.framework in Frameworks */ = {isa = PBXBuildFile; fileRef = 205AD25518C37EF600F7D3FB /* Foundation.framework */; };
		205AD27718C37EF600F7D3FB /* UIKit.framework in Frameworks */ = {isa = PBXBuildFile; fileRef = 205AD25918C37EF600F7D3FB /* UIKit.framework */; };
		205AD27F18C37EF600F7D3FB /* InfoPlist.strings in Resources */ = {isa = PBXBuildFile; fileRef = 205AD27D18C37EF600F7D3FB /* InfoPlist.strings */; };
		205AD28118C37EF600F7D3FB /* CounterTests.m in Sources */ = {isa = PBXBuildFile; fileRef = 205AD28018C37EF600F7D3FB /* CounterTests.m */; };
/* End PBXBuildFile section */

/* Begin PBXContainerItemProxy section */
		205AD27818C37EF600F7D3FB /* PBXContainerItemProxy */ = {
			isa = PBXContainerItemProxy;
			containerPortal = 205AD24A18C37EF600F7D3FB /* Project object */;
			proxyType = 1;
			remoteGlobalIDString = 205AD25118C37EF600F7D3FB;
			remoteInfo = Counter;
		};
/* End PBXContainerItemProxy section */

/* Begin PBXFileReference section */
		205AD25218C37EF600F7D3FB /* Counter.app */ = {isa = PBXFileReference; explicitFileType = wrapper.application; includeInIndex = 0; path = Counter.app; sourceTree = BUILT_PRODUCTS_DIR; };
		205AD25518C37EF600F7D3FB /* Foundation.framework */ = {isa = PBXFileReference; lastKnownFileType = wrapper.framework; name = Foundation.framework; path = System/Library/Frameworks/Foundation.framework; sourceTree = SDKROOT; };
		205AD25718C37EF600F7D3FB /* CoreGraphics.framework */ = {isa = PBXFileReference; lastKnownFileType = wrapper.framework; name = CoreGraphics.framework; path = System/Library/Frameworks/CoreGraphics.framework; sourceTree = SDKROOT; };
		205AD25918C37EF600F7D3FB /* UIKit.framework */ = {isa = PBXFileReference; lastKnownFileType = wrapper.framework; name = UIKit.framework; path = System/Library/Frameworks/UIKit.framework; sourceTree = SDKROOT; };
		205AD25D18C37EF600F7D3FB /* Counter-Info.plist */ = {isa = PBXFileReference; lastKnownFileType = text.plist.xml; path = "Counter-Info.plist"; sourceTree = "<group>"; };
		205AD25F18C37EF600F7D3FB /* en */ = {isa = PBXFileReference; lastKnownFileType = text.plist.strings; name = en; path = en.lproj/InfoPlist.strings; sourceTree = "<group>"; };
		205AD26118C37EF600F7D3FB /* main.m */ = {isa = PBXFileReference; lastKnownFileType = sourcecode.c.objc; path = main.m; sourceTree = "<group>"; };
		205AD26318C37EF600F7D3FB /* Counter-Prefix.pch */ = {isa = PBXFileReference; lastKnownFileType = sourcecode.c.h; path = "Counter-Prefix.pch"; sourceTree = "<group>"; };
		205AD26418C37EF600F7D3FB /* AppDelegate.h */ = {isa = PBXFileReference; lastKnownFileType = sourcecode.c.h; path = AppDelegate.h; sourceTree = "<group>"; };
		205AD26518C37EF600F7D3FB /* AppDelegate.m */ = {isa = PBXFileReference; lastKnownFileType = sourcecode.c.objc; path = AppDelegate.m; sourceTree = "<group>"; };
		205AD26818C37EF600F7D3FB /* Base */ = {isa = PBXFileReference; lastKnownFileType = file.storyboard; name = Base; path = Base.lproj/Main.storyboard; sourceTree = "<group>"; };
		205AD26A18C37EF600F7D3FB /* ViewController.h */ = {isa = PBXFileReference; lastKnownFileType = sourcecode.c.h; path = ViewController.h; sourceTree = "<group>"; };
		205AD26B18C37EF600F7D3FB /* ViewController.m */ = {isa = PBXFileReference; lastKnownFileType = sourcecode.c.objc; path = ViewController.m; sourceTree = "<group>"; };
		205AD26D18C37EF600F7D3FB /* Images.xcassets */ = {isa = PBXFileReference; lastKnownFileType = folder.assetcatalog; path = Images.xcassets; sourceTree = "<group>"; };
		205AD27318C37EF600F7D3FB /* CounterTests.xctest */ = {isa = PBXFileReference; explicitFileType = wrapper.cfbundle; includeInIndex = 0; path = CounterTests.xctest; sourceTree = BUILT_PRODUCTS_DIR; };
		205AD27418C37EF600F7D3FB /* XCTest.framework */ = {isa = PBXFileReference; lastKnownFileType = wrapper.framework; name = XCTest.framework; path = Library/Frameworks/XCTest.framework; sourceTree = DEVELOPER_DIR; };
		205AD27C18C37EF600F7D3FB /* CounterTests-Info.plist */ = {isa = PBXFileReference; lastKnownFileType = text.plist.xml; path = "CounterTests-Info.plist"; sourceTree = "<group>"; };
		205AD27E18C37EF600F7D3FB /* en */ = {isa = PBXFileReference; lastKnownFileType = text.plist.strings; name = en; path = en.lproj/InfoPlist.strings; sourceTree = "<group>"; };
		205AD28018C37EF600F7D3FB /* CounterTests.m */ = {isa = PBXFileReference; lastKnownFileType = sourcecode.c.objc; path = CounterTests.m; sourceTree = "<group>"; };
/* End PBXFileReference section */

/* Begin PBXFrameworksBuildPhase section */
		205AD24F18C37EF600F7D3FB /* Frameworks */ = {
			isa = PBXFrameworksBuildPhase;
			buildActionMask = 2147483647;
			files = (
				205AD25818C37EF600F7D3FB /* CoreGraphics.framework in Frameworks */,
				205AD25A18C37EF600F7D3FB /* UIKit.framework in Frameworks */,
				205AD25618C37EF600F7D3FB /* Foundation.framework in Frameworks */,
			);
			runOnlyForDeploymentPostprocessing = 0;
		};
		205AD27018C37EF600F7D3FB /* Frameworks */ = {
			isa = PBXFrameworksBuildPhase;
			buildActionMask = 2147483647;
			files = (
				205AD27518C37EF600F7D3FB /* XCTest.framework in Frameworks */,
				205AD27718C37EF600F7D3FB /* UIKit.framework in Frameworks */,
				205AD27618C37EF600F7D3FB /* Foundation.framework in Frameworks */,
			);
			runOnlyForDeploymentPostprocessing = 0;
		};
/* End PBXFrameworksBuildPhase section */

/* Begin PBXGroup section */
		205AD24918C37EF600F7D3FB = {
			isa = PBXGroup;
			children = (
				205AD25B18C37EF600F7D3FB /* Counter */,
				205AD27A18C37EF600F7D3FB /* CounterTests */,
				205AD25418C37EF600F7D3FB /* Frameworks */,
				205AD25318C37EF600F7D3FB /* Products */,
			);
			sourceTree = "<group>";
		};
		205AD25318C37EF600F7D3FB /* Products */ = {
			isa = PBXGroup;
			children = (
				205AD25218C37EF600F7D3FB /* Counter.app */,
				205AD27318C37EF600F7D3FB /* CounterTests.xctest */,
			);
			name = Products;
			sourceTree = "<group>";
		};
		205AD25418C37EF600F7D3FB /* Frameworks */ = {
			isa = PBXGroup;
			children = (
				205AD25518C37EF600F7D3FB /* Foundation.framework */,
				205AD25718C37EF600F7D3FB /* CoreGraphics.framework */,
				205AD25918C37EF600F7D3FB /* UIKit.framework */,
				205AD27418C37EF600F7D3FB /* XCTest.framework */,
			);
			name = Frameworks;
			sourceTree = "<group>";
		};
		205AD25B18C37EF600F7D3FB /* Counter */ = {
			isa = PBXGroup;
			children = (
				205AD26418C37EF600F7D3FB /* AppDelegate.h */,
				205AD26518C37EF600F7D3FB /* AppDelegate.m */,
				205AD26718C37EF600F7D3FB /* Main.storyboard */,
				205AD26A18C37EF600F7D3FB /* ViewController.h */,
				205AD26B18C37EF600F7D3FB /* ViewController.m */,
				205AD26D18C37EF600F7D3FB /* Images.xcassets */,
				205AD25C18C37EF600F7D3FB /* Supporting Files */,
			);
			path = Counter;
			sourceTree = "<group>";
		};
		205AD25C18C37EF600F7D3FB /* Supporting Files */ = {
			isa = PBXGroup;
			children = (
				205AD25D18C37EF600F7D3FB /* Counter-Info.plist */,
				205AD25E18C37EF600F7D3FB /* InfoPlist.strings */,
				205AD26118C37EF600F7D3FB /* main.m */,
				205AD26318C37EF600F7D3FB /* Counter-Prefix.pch */,
			);
			name = "Supporting Files";
			sourceTree = "<group>";
		};
		205AD27A18C37EF600F7D3FB /* CounterTests */ = {
			isa = PBXGroup;
			children = (
				205AD28018C37EF600F7D3FB /* CounterTests.m */,
				205AD27B18C37EF600F7D3FB /* Supporting Files */,
			);
			path = CounterTests;
			sourceTree = "<group>";
		};
		205AD27B18C37EF600F7D3FB /* Supporting Files */ = {
			isa = PBXGroup;
			children = (
				205AD27C18C37EF600F7D3FB /* CounterTests-Info.plist */,
				205AD27D18C37EF600F7D3FB /* InfoPlist.strings */,
			);
			name = "Supporting Files";
			sourceTree = "<group>";
		};
/* End PBXGroup section */

/* Begin PBXNativeTarget section */
		205AD25118C37EF600F7D3FB /* Counter */ = {
			isa = PBXNativeTarget;
			buildConfigurationList = 205AD28418C37EF600F7D3FB /* Build configuration list for PBXNativeTarget "Counter" */;
			buildPhases = (
				205AD24E18C37EF600F7D3FB /* Sources */,
				205AD24F18C37EF600F7D3FB /* Frameworks */,
				205AD25018C37EF600F7D3FB /* Resources */,
			);
			buildRules = (
			);
			dependencies = (
			);
			name = Counter;
			productName = Counter;
			productReference = 205AD25218C37EF600F7D3FB /* Counter.app */;
			productType = "com.apple.product-type.application";
		};
		205AD27218C37EF600F7D3FB /* CounterTests */ = {
			isa = PBXNativeTarget;
			buildConfigurationList = 205AD28718C37EF600F7D3FB /* Build configuration list for PBXNativeTarget "CounterTests" */;
			buildPhases = (
				205AD26F18C37EF600F7D3FB /* Sources */,
				205AD27018C37EF600F7D3FB /* Frameworks */,
				205AD27118C37EF600F7D3FB /* Resources */,
			);
			buildRules = (
			);
			dependencies = (
				205AD27918C37EF600F7D3FB /* PBXTargetDependency */,
			);
			name = CounterTests;
			productName = CounterTests;
			productReference = 205AD27318C37EF600F7D3FB /* CounterTests.xctest */;
			productType = "com.apple.product-type.bundle.unit-test";
		};
/* End PBXNativeTarget section */

/* Begin PBXProject section */
		205AD24A18C37EF600F7D3FB /* Project object */ = {
			isa = PBXProject;
			attributes = {
				LastUpgradeCheck = 0500;
				ORGANIZATIONNAME = "Federico Paini";
				TargetAttributes = {
					205AD27218C37EF600F7D3FB = {
						TestTargetID = 205AD25118C37EF600F7D3FB;
					};
				};
			};
			buildConfigurationList = 205AD24D18C37EF600F7D3FB /* Build configuration list for PBXProject "Counter" */;
			compatibilityVersion = "Xcode 3.2";
			developmentRegion = English;
			hasScannedForEncodings = 0;
			knownRegions = (
				en,
				Base,
			);
			mainGroup = 205AD24918C37EF600F7D3FB;
			productRefGroup = 205AD25318C37EF600F7D3FB /* Products */;
			projectDirPath = "";
			projectRoot = "";
			targets = (
				205AD25118C37EF600F7D3FB /* Counter */,
				205AD27218C37EF600F7D3FB /* CounterTests */,
			);
		};
/* End PBXProject section */

/* Begin PBXResourcesBuildPhase section */
		205AD25018C37EF600F7D3FB /* Resources */ = {
			isa = PBXResourcesBuildPhase;
			buildActionMask = 2147483647;
			files = (
				205AD26E18C37EF600F7D3FB /* Images.xcassets in Resources */,
				205AD26018C37EF600F7D3FB /* InfoPlist.strings in Resources */,
				205AD26918C37EF600F7D3FB /* Main.storyboard in Resources */,
			);
			runOnlyForDeploymentPostprocessing = 0;
		};
		205AD27118C37EF600F7D3FB /* Resources */ = {
			isa = PBXResourcesBuildPhase;
			buildActionMask = 2147483647;
			files = (
				205AD27F18C37EF600F7D3FB /* InfoPlist.strings in Resources */,
			);
			runOnlyForDeploymentPostprocessing = 0;
		};
/* End PBXResourcesBuildPhase section */

/* Begin PBXSourcesBuildPhase section */
		205AD24E18C37EF600F7D3FB /* Sources */ = {
			isa = PBXSourcesBuildPhase;
			buildActionMask = 2147483647;
			files = (
				205AD26C18C37EF600F7D3FB /* ViewController.m in Sources */,
				205AD26618C37EF600F7D3FB /* AppDelegate.m in Sources */,
				205AD26218C37EF600F7D3FB /* main.m in Sources */,
			);
			runOnlyForDeploymentPostprocessing = 0;
		};
		205AD26F18C37EF600F7D3FB /* Sources */ = {
			isa = PBXSourcesBuildPhase;
			buildActionMask = 2147483647;
			files = (
				205AD28118C37EF600F7D3FB /* CounterTests.m in Sources */,
			);
			runOnlyForDeploymentPostprocessing = 0;
		};
/* End PBXSourcesBuildPhase section */

/* Begin PBXTargetDependency section */
		205AD27918C37EF600F7D3FB /* PBXTargetDependency */ = {
			isa = PBXTargetDependency;
			target = 205AD25118C37EF600F7D3FB /* Counter */;
			targetProxy = 205AD27818C37EF600F7D3FB /* PBXContainerItemProxy */;
		};
/* End PBXTargetDependency section */

/* Begin PBXVariantGroup section */
		205AD25E18C37EF600F7D3FB /* InfoPlist.strings */ = {
			isa = PBXVariantGroup;
			children = (
				205AD25F18C37EF600F7D3FB /* en */,
			);
			name = InfoPlist.strings;
			sourceTree = "<group>";
		};
		205AD26718C37EF600F7D3FB /* Main.storyboard */ = {
			isa = PBXVariantGroup;
			children = (
				205AD26818C37EF600F7D3FB /* Base */,
			);
			name = Main.storyboard;
			sourceTree = "<group>";
		};
		205AD27D18C37EF600F7D3FB /* InfoPlist.strings */ = {
			isa = PBXVariantGroup;
			children = (
				205AD27E18C37EF600F7D3FB /* en */,
			);
			name = InfoPlist.strings;
			sourceTree = "<group>";
		};
/* End PBXVariantGroup section */

/* Begin XCBuildConfiguration section */
		205AD28218C37EF600F7D3FB /* Debug */ = {
			isa = XCBuildConfiguration;
			buildSettings = {
				ALWAYS_SEARCH_USER_PATHS = NO;
				ARCHS = "$(ARCHS_STANDARD_INCLUDING_64_BIT)";
				CLANG_CXX_LANGUAGE_STANDARD = "gnu++0x";
				CLANG_CXX_LIBRARY = "libc++";
				CLANG_ENABLE_MODULES = YES;
				CLANG_ENABLE_OBJC_ARC = YES;
				CLANG_WARN_BOOL_CONVERSION = YES;
				CLANG_WARN_CONSTANT_CONVERSION = YES;
				CLANG_WARN_DIRECT_OBJC_ISA_USAGE = YES_ERROR;
				CLANG_WARN_EMPTY_BODY = YES;
				CLANG_WARN_ENUM_CONVERSION = YES;
				CLANG_WARN_INT_CONVERSION = YES;
				CLANG_WARN_OBJC_ROOT_CLASS = YES_ERROR;
				CLANG_WARN__DUPLICATE_METHOD_MATCH = YES;
				"CODE_SIGN_IDENTITY[sdk=iphoneos*]" = "iPhone Developer";
				COPY_PHASE_STRIP = NO;
				GCC_C_LANGUAGE_STANDARD = gnu99;
				GCC_DYNAMIC_NO_PIC = NO;
				GCC_OPTIMIZATION_LEVEL = 0;
				GCC_PREPROCESSOR_DEFINITIONS = (
					"DEBUG=1",
					"$(inherited)",
				);
				GCC_SYMBOLS_PRIVATE_EXTERN = NO;
				GCC_WARN_64_TO_32_BIT_CONVERSION = YES;
				GCC_WARN_ABOUT_RETURN_TYPE = YES_ERROR;
				GCC_WARN_UNDECLARED_SELECTOR = YES;
				GCC_WARN_UNINITIALIZED_AUTOS = YES;
				GCC_WARN_UNUSED_FUNCTION = YES;
				GCC_WARN_UNUSED_VARIABLE = YES;
				IPHONEOS_DEPLOYMENT_TARGET = 7.0;
				ONLY_ACTIVE_ARCH = YES;
				SDKROOT = iphoneos;
			};
			name = Debug;
		};
		205AD28318C37EF600F7D3FB /* Release */ = {
			isa = XCBuildConfiguration;
			buildSettings = {
				ALWAYS_SEARCH_USER_PATHS = NO;
				ARCHS = "$(ARCHS_STANDARD_INCLUDING_64_BIT)";
				CLANG_CXX_LANGUAGE_STANDARD = "gnu++0x";
				CLANG_CXX_LIBRARY = "libc++";
				CLANG_ENABLE_MODULES = YES;
				CLANG_ENABLE_OBJC_ARC = YES;
				CLANG_WARN_BOOL_CONVERSION = YES;
				CLANG_WARN_CONSTANT_CONVERSION = YES;
				CLANG_WARN_DIRECT_OBJC_ISA_USAGE = YES_ERROR;
				CLANG_WARN_EMPTY_BODY = YES;
				CLANG_WARN_ENUM_CONVERSION = YES;
				CLANG_WARN_INT_CONVERSION = YES;
				CLANG_WARN_OBJC_ROOT_CLASS = YES_ERROR;
				CLANG_WARN__DUPLICATE_METHOD_MATCH = YES;
				"CODE_SIGN_IDENTITY[sdk=iphoneos*]" = "iPhone Developer";
				COPY_PHASE_STRIP = YES;
				ENABLE_NS_ASSERTIONS = NO;
				GCC_C_LANGUAGE_STANDARD = gnu99;
				GCC_WARN_64_TO_32_BIT_CONVERSION = YES;
				GCC_WARN_ABOUT_RETURN_TYPE = YES_ERROR;
				GCC_WARN_UNDECLARED_SELECTOR = YES;
				GCC_WARN_UNINITIALIZED_AUTOS = YES;
				GCC_WARN_UNUSED_FUNCTION = YES;
				GCC_WARN_UNUSED_VARIABLE = YES;
				IPHONEOS_DEPLOYMENT_TARGET = 7.0;
				SDKROOT = iphoneos;
				VALIDATE_PRODUCT = YES;
			};
			name = Release;
		};
		205AD28518C37EF600F7D3FB /* Debug */ = {
			isa = XCBuildConfiguration;
			buildSettings = {
				ASSETCATALOG_COMPILER_APPICON_NAME = AppIcon;
				ASSETCATALOG_COMPILER_LAUNCHIMAGE_NAME = LaunchImage;
				GCC_PRECOMPILE_PREFIX_HEADER = YES;
				GCC_PREFIX_HEADER = "Counter/Counter-Prefix.pch";
				INFOPLIST_FILE = "Counter/Counter-Info.plist";
				PRODUCT_NAME = "$(TARGET_NAME)";
				WRAPPER_EXTENSION = app;
			};
			name = Debug;
		};
		205AD28618C37EF600F7D3FB /* Release */ = {
			isa = XCBuildConfiguration;
			buildSettings = {
				ASSETCATALOG_COMPILER_APPICON_NAME = AppIcon;
				ASSETCATALOG_COMPILER_LAUNCHIMAGE_NAME = LaunchImage;
				GCC_PRECOMPILE_PREFIX_HEADER = YES;
				GCC_PREFIX_HEADER = "Counter/Counter-Prefix.pch";
				INFOPLIST_FILE = "Counter/Counter-Info.plist";
				PRODUCT_NAME = "$(TARGET_NAME)";
				WRAPPER_EXTENSION = app;
			};
			name = Release;
		};
		205AD28818C37EF600F7D3FB /* Debug */ = {
			isa = XCBuildConfiguration;
			buildSettings = {
				ARCHS = "$(ARCHS_STANDARD_INCLUDING_64_BIT)";
				BUNDLE_LOADER = "$(BUILT_PRODUCTS_DIR)/Counter.app/Counter";
				FRAMEWORK_SEARCH_PATHS = (
					"$(SDKROOT)/Developer/Library/Frameworks",
					"$(inherited)",
					"$(DEVELOPER_FRAMEWORKS_DIR)",
				);
				GCC_PRECOMPILE_PREFIX_HEADER = YES;
				GCC_PREFIX_HEADER = "Counter/Counter-Prefix.pch";
				GCC_PREPROCESSOR_DEFINITIONS = (
					"DEBUG=1",
					"$(inherited)",
				);
				INFOPLIST_FILE = "CounterTests/CounterTests-Info.plist";
				PRODUCT_NAME = "$(TARGET_NAME)";
				TEST_HOST = "$(BUNDLE_LOADER)";
				WRAPPER_EXTENSION = xctest;
			};
			name = Debug;
		};
		205AD28918C37EF600F7D3FB /* Release */ = {
			isa = XCBuildConfiguration;
			buildSettings = {
				ARCHS = "$(ARCHS_STANDARD_INCLUDING_64_BIT)";
				BUNDLE_LOADER = "$(BUILT_PRODUCTS_DIR)/Counter.app/Counter";
				FRAMEWORK_SEARCH_PATHS = (
					"$(SDKROOT)/Developer/Library/Frameworks",
					"$(inherited)",
					"$(DEVELOPER_FRAMEWORKS_DIR)",
				);
				GCC_PRECOMPILE_PREFIX_HEADER = YES;
				GCC_PREFIX_HEADER = "Counter/Counter-Prefix.pch";
				INFOPLIST_FILE = "CounterTests/CounterTests-Info.plist";
				PRODUCT_NAME = "$(TARGET_NAME)";
				TEST_HOST = "$(BUNDLE_LOADER)";
				WRAPPER_EXTENSION = xctest;
			};
			name = Release;
		};
/* End XCBuildConfiguration section */

/* Begin XCConfigurationList section */
		205AD24D18C37EF600F7D3FB /* Build configuration list for PBXProject "Counter" */ = {
			isa = XCConfigurationList;
			buildConfigurations = (
				205AD28218C37EF600F7D3FB /* Debug */,
				205AD28318C37EF600F7D3FB /* Release */,
			);
			defaultConfigurationIsVisible = 0;
			defaultConfigurationName = Release;
		};
		205AD28418C37EF600F7D3FB /* Build configuration list for PBXNativeTarget "Counter" */ = {
			isa = XCConfigurationList;
			buildConfigurations = (
				205AD28518C37EF600F7D3FB /* Debug */,
				205AD28618C37EF600F7D3FB /* Release */,
			);
			defaultConfigurationIsVisible = 0;
		};
		205AD28718C37EF600F7D3FB /* Build configuration list for PBXNativeTarget "CounterTests" */ = {
			isa = XCConfigurationList;
			buildConfigurations = (
				205AD28818C37EF600F7D3FB /* Debug */,
				205AD28918C37EF600F7D3FB /* Release */,
			);
			defaultConfigurationIsVisible = 0;
		};
/* End XCConfigurationList section */
	};
	rootObject = 205AD24A18C37EF600F7D3FB /* Project object */;
}
