// !$*UTF8*$!
{
	archiveVersion = 1;
	classes = {
	};
	objectVersion = 46;
	objects = {

/* Begin PBXBuildFile section */
		20E36AB618C27DBA00E12C92 /* Foundation.framework in Frameworks */ = {isa = PBXBuildFile; fileRef = 20E36AB518C27DBA00E12C92 /* Foundation.framework */; };
		20E36AB818C27DBA00E12C92 /* CoreGraphics.framework in Frameworks */ = {isa = PBXBuildFile; fileRef = 20E36AB718C27DBA00E12C92 /* CoreGraphics.framework */; };
		20E36ABA18C27DBA00E12C92 /* UIKit.framework in Frameworks */ = {isa = PBXBuildFile; fileRef = 20E36AB918C27DBA00E12C92 /* UIKit.framework */; };
		20E36AC018C27DBA00E12C92 /* InfoPlist.strings in Resources */ = {isa = PBXBuildFile; fileRef = 20E36ABE18C27DBA00E12C92 /* InfoPlist.strings */; };
		20E36AC218C27DBA00E12C92 /* main.m in Sources */ = {isa = PBXBuildFile; fileRef = 20E36AC118C27DBA00E12C92 /* main.m */; };
		20E36AC618C27DBA00E12C92 /* AppDelegate.m in Sources */ = {isa = PBXBuildFile; fileRef = 20E36AC518C27DBA00E12C92 /* AppDelegate.m */; };
		20E36AC918C27DBA00E12C92 /* Main_iPhone.storyboard in Resources */ = {isa = PBXBuildFile; fileRef = 20E36AC718C27DBA00E12C92 /* Main_iPhone.storyboard */; };
		20E36ACC18C27DBA00E12C92 /* Main_iPad.storyboard in Resources */ = {isa = PBXBuildFile; fileRef = 20E36ACA18C27DBA00E12C92 /* Main_iPad.storyboard */; };
		20E36ACF18C27DBA00E12C92 /* ViewController.m in Sources */ = {isa = PBXBuildFile; fileRef = 20E36ACE18C27DBA00E12C92 /* ViewController.m */; };
		20E36AD118C27DBA00E12C92 /* Images.xcassets in Resources */ = {isa = PBXBuildFile; fileRef = 20E36AD018C27DBA00E12C92 /* Images.xcassets */; };
		20E36AD818C27DBA00E12C92 /* XCTest.framework in Frameworks */ = {isa = PBXBuildFile; fileRef = 20E36AD718C27DBA00E12C92 /* XCTest.framework */; };
		20E36AD918C27DBA00E12C92 /* Foundation.framework in Frameworks */ = {isa = PBXBuildFile; fileRef = 20E36AB518C27DBA00E12C92 /* Foundation.framework */; };
		20E36ADA18C27DBA00E12C92 /* UIKit.framework in Frameworks */ = {isa = PBXBuildFile; fileRef = 20E36AB918C27DBA00E12C92 /* UIKit.framework */; };
		20E36AE218C27DBA00E12C92 /* InfoPlist.strings in Resources */ = {isa = PBXBuildFile; fileRef = 20E36AE018C27DBA00E12C92 /* InfoPlist.strings */; };
		20E36AE418C27DBA00E12C92 /* TestAppTests.m in Sources */ = {isa = PBXBuildFile; fileRef = 20E36AE318C27DBA00E12C92 /* TestAppTests.m */; };
/* End PBXBuildFile section */

/* Begin PBXContainerItemProxy section */
		20E36ADB18C27DBA00E12C92 /* PBXContainerItemProxy */ = {
			isa = PBXContainerItemProxy;
			containerPortal = 20E36AAA18C27DBA00E12C92 /* Project object */;
			proxyType = 1;
			remoteGlobalIDString = 20E36AB118C27DBA00E12C92;
			remoteInfo = TestApp;
		};
/* End PBXContainerItemProxy section */

/* Begin PBXFileReference section */
		20E36AB218C27DBA00E12C92 /* TestApp.app */ = {isa = PBXFileReference; explicitFileType = wrapper.application; includeInIndex = 0; path = TestApp.app; sourceTree = BUILT_PRODUCTS_DIR; };
		20E36AB518C27DBA00E12C92 /* Foundation.framework */ = {isa = PBXFileReference; lastKnownFileType = wrapper.framework; name = Foundation.framework; path = System/Library/Frameworks/Foundation.framework; sourceTree = SDKROOT; };
		20E36AB718C27DBA00E12C92 /* CoreGraphics.framework */ = {isa = PBXFileReference; lastKnownFileType = wrapper.framework; name = CoreGraphics.framework; path = System/Library/Frameworks/CoreGraphics.framework; sourceTree = SDKROOT; };
		20E36AB918C27DBA00E12C92 /* UIKit.framework */ = {isa = PBXFileReference; lastKnownFileType = wrapper.framework; name = UIKit.framework; path = System/Library/Frameworks/UIKit.framework; sourceTree = SDKROOT; };
		20E36ABD18C27DBA00E12C92 /* TestApp-Info.plist */ = {isa = PBXFileReference; lastKnownFileType = text.plist.xml; path = "TestApp-Info.plist"; sourceTree = "<group>"; };
		20E36ABF18C27DBA00E12C92 /* en */ = {isa = PBXFileReference; lastKnownFileType = text.plist.strings; name = en; path = en.lproj/InfoPlist.strings; sourceTree = "<group>"; };
		20E36AC118C27DBA00E12C92 /* main.m */ = {isa = PBXFileReference; lastKnownFileType = sourcecode.c.objc; path = main.m; sourceTree = "<group>"; };
		20E36AC318C27DBA00E12C92 /* TestApp-Prefix.pch */ = {isa = PBXFileReference; lastKnownFileType = sourcecode.c.h; path = "TestApp-Prefix.pch"; sourceTree = "<group>"; };
		20E36AC418C27DBA00E12C92 /* AppDelegate.h */ = {isa = PBXFileReference; lastKnownFileType = sourcecode.c.h; path = AppDelegate.h; sourceTree = "<group>"; };
		20E36AC518C27DBA00E12C92 /* AppDelegate.m */ = {isa = PBXFileReference; lastKnownFileType = sourcecode.c.objc; path = AppDelegate.m; sourceTree = "<group>"; };
		20E36AC818C27DBA00E12C92 /* Base */ = {isa = PBXFileReference; lastKnownFileType = file.storyboard; name = Base; path = Base.lproj/Main_iPhone.storyboard; sourceTree = "<group>"; };
		20E36ACB18C27DBA00E12C92 /* Base */ = {isa = PBXFileReference; lastKnownFileType = file.storyboard; name = Base; path = Base.lproj/Main_iPad.storyboard; sourceTree = "<group>"; };
		20E36ACD18C27DBA00E12C92 /* ViewController.h */ = {isa = PBXFileReference; lastKnownFileType = sourcecode.c.h; path = ViewController.h; sourceTree = "<group>"; };
		20E36ACE18C27DBA00E12C92 /* ViewController.m */ = {isa = PBXFileReference; lastKnownFileType = sourcecode.c.objc; path = ViewController.m; sourceTree = "<group>"; };
		20E36AD018C27DBA00E12C92 /* Images.xcassets */ = {isa = PBXFileReference; lastKnownFileType = folder.assetcatalog; path = Images.xcassets; sourceTree = "<group>"; };
		20E36AD618C27DBA00E12C92 /* TestAppTests.xctest */ = {isa = PBXFileReference; explicitFileType = wrapper.cfbundle; includeInIndex = 0; path = TestAppTests.xctest; sourceTree = BUILT_PRODUCTS_DIR; };
		20E36AD718C27DBA00E12C92 /* XCTest.framework */ = {isa = PBXFileReference; lastKnownFileType = wrapper.framework; name = XCTest.framework; path = Library/Frameworks/XCTest.framework; sourceTree = DEVELOPER_DIR; };
		20E36ADF18C27DBA00E12C92 /* TestAppTests-Info.plist */ = {isa = PBXFileReference; lastKnownFileType = text.plist.xml; path = "TestAppTests-Info.plist"; sourceTree = "<group>"; };
		20E36AE118C27DBA00E12C92 /* en */ = {isa = PBXFileReference; lastKnownFileType = text.plist.strings; name = en; path = en.lproj/InfoPlist.strings; sourceTree = "<group>"; };
		20E36AE318C27DBA00E12C92 /* TestAppTests.m */ = {isa = PBXFileReference; lastKnownFileType = sourcecode.c.objc; path = TestAppTests.m; sourceTree = "<group>"; };
/* End PBXFileReference section */

/* Begin PBXFrameworksBuildPhase section */
		20E36AAF18C27DBA00E12C92 /* Frameworks */ = {
			isa = PBXFrameworksBuildPhase;
			buildActionMask = 2147483647;
			files = (
				20E36AB818C27DBA00E12C92 /* CoreGraphics.framework in Frameworks */,
				20E36ABA18C27DBA00E12C92 /* UIKit.framework in Frameworks */,
				20E36AB618C27DBA00E12C92 /* Foundation.framework in Frameworks */,
			);
			runOnlyForDeploymentPostprocessing = 0;
		};
		20E36AD318C27DBA00E12C92 /* Frameworks */ = {
			isa = PBXFrameworksBuildPhase;
			buildActionMask = 2147483647;
			files = (
				20E36AD818C27DBA00E12C92 /* XCTest.framework in Frameworks */,
				20E36ADA18C27DBA00E12C92 /* UIKit.framework in Frameworks */,
				20E36AD918C27DBA00E12C92 /* Foundation.framework in Frameworks */,
			);
			runOnlyForDeploymentPostprocessing = 0;
		};
/* End PBXFrameworksBuildPhase section */

/* Begin PBXGroup section */
		20E36AA918C27DBA00E12C92 = {
			isa = PBXGroup;
			children = (
				20E36ABB18C27DBA00E12C92 /* TestApp */,
				20E36ADD18C27DBA00E12C92 /* TestAppTests */,
				20E36AB418C27DBA00E12C92 /* Frameworks */,
				20E36AB318C27DBA00E12C92 /* Products */,
			);
			sourceTree = "<group>";
		};
		20E36AB318C27DBA00E12C92 /* Products */ = {
			isa = PBXGroup;
			children = (
				20E36AB218C27DBA00E12C92 /* TestApp.app */,
				20E36AD618C27DBA00E12C92 /* TestAppTests.xctest */,
			);
			name = Products;
			sourceTree = "<group>";
		};
		20E36AB418C27DBA00E12C92 /* Frameworks */ = {
			isa = PBXGroup;
			children = (
				20E36AB518C27DBA00E12C92 /* Foundation.framework */,
				20E36AB718C27DBA00E12C92 /* CoreGraphics.framework */,
				20E36AB918C27DBA00E12C92 /* UIKit.framework */,
				20E36AD718C27DBA00E12C92 /* XCTest.framework */,
			);
			name = Frameworks;
			sourceTree = "<group>";
		};
		20E36ABB18C27DBA00E12C92 /* TestApp */ = {
			isa = PBXGroup;
			children = (
				20E36AC418C27DBA00E12C92 /* AppDelegate.h */,
				20E36AC518C27DBA00E12C92 /* AppDelegate.m */,
				20E36AC718C27DBA00E12C92 /* Main_iPhone.storyboard */,
				20E36ACA18C27DBA00E12C92 /* Main_iPad.storyboard */,
				20E36ACD18C27DBA00E12C92 /* ViewController.h */,
				20E36ACE18C27DBA00E12C92 /* ViewController.m */,
				20E36AD018C27DBA00E12C92 /* Images.xcassets */,
				20E36ABC18C27DBA00E12C92 /* Supporting Files */,
			);
			path = TestApp;
			sourceTree = "<group>";
		};
		20E36ABC18C27DBA00E12C92 /* Supporting Files */ = {
			isa = PBXGroup;
			children = (
				20E36ABD18C27DBA00E12C92 /* TestApp-Info.plist */,
				20E36ABE18C27DBA00E12C92 /* InfoPlist.strings */,
				20E36AC118C27DBA00E12C92 /* main.m */,
				20E36AC318C27DBA00E12C92 /* TestApp-Prefix.pch */,
			);
			name = "Supporting Files";
			sourceTree = "<group>";
		};
		20E36ADD18C27DBA00E12C92 /* TestAppTests */ = {
			isa = PBXGroup;
			children = (
				20E36AE318C27DBA00E12C92 /* TestAppTests.m */,
				20E36ADE18C27DBA00E12C92 /* Supporting Files */,
			);
			path = TestAppTests;
			sourceTree = "<group>";
		};
		20E36ADE18C27DBA00E12C92 /* Supporting Files */ = {
			isa = PBXGroup;
			children = (
				20E36ADF18C27DBA00E12C92 /* TestAppTests-Info.plist */,
				20E36AE018C27DBA00E12C92 /* InfoPlist.strings */,
			);
			name = "Supporting Files";
			sourceTree = "<group>";
		};
/* End PBXGroup section */

/* Begin PBXNativeTarget section */
		20E36AB118C27DBA00E12C92 /* TestApp */ = {
			isa = PBXNativeTarget;
			buildConfigurationList = 20E36AE718C27DBA00E12C92 /* Build configuration list for PBXNativeTarget "TestApp" */;
			buildPhases = (
				20E36AAE18C27DBA00E12C92 /* Sources */,
				20E36AAF18C27DBA00E12C92 /* Frameworks */,
				20E36AB018C27DBA00E12C92 /* Resources */,
			);
			buildRules = (
			);
			dependencies = (
			);
			name = TestApp;
			productName = TestApp;
			productReference = 20E36AB218C27DBA00E12C92 /* TestApp.app */;
			productType = "com.apple.product-type.application";
		};
		20E36AD518C27DBA00E12C92 /* TestAppTests */ = {
			isa = PBXNativeTarget;
			buildConfigurationList = 20E36AEA18C27DBA00E12C92 /* Build configuration list for PBXNativeTarget "TestAppTests" */;
			buildPhases = (
				20E36AD218C27DBA00E12C92 /* Sources */,
				20E36AD318C27DBA00E12C92 /* Frameworks */,
				20E36AD418C27DBA00E12C92 /* Resources */,
			);
			buildRules = (
			);
			dependencies = (
				20E36ADC18C27DBA00E12C92 /* PBXTargetDependency */,
			);
			name = TestAppTests;
			productName = TestAppTests;
			productReference = 20E36AD618C27DBA00E12C92 /* TestAppTests.xctest */;
			productType = "com.apple.product-type.bundle.unit-test";
		};
/* End PBXNativeTarget section */

/* Begin PBXProject section */
		20E36AAA18C27DBA00E12C92 /* Project object */ = {
			isa = PBXProject;
			attributes = {
				LastUpgradeCheck = 0500;
				ORGANIZATIONNAME = "Federico Paini";
				TargetAttributes = {
					20E36AD518C27DBA00E12C92 = {
						TestTargetID = 20E36AB118C27DBA00E12C92;
					};
				};
			};
			buildConfigurationList = 20E36AAD18C27DBA00E12C92 /* Build configuration list for PBXProject "TestApp" */;
			compatibilityVersion = "Xcode 3.2";
			developmentRegion = English;
			hasScannedForEncodings = 0;
			knownRegions = (
				en,
				Base,
			);
			mainGroup = 20E36AA918C27DBA00E12C92;
			productRefGroup = 20E36AB318C27DBA00E12C92 /* Products */;
			projectDirPath = "";
			projectRoot = "";
			targets = (
				20E36AB118C27DBA00E12C92 /* TestApp */,
				20E36AD518C27DBA00E12C92 /* TestAppTests */,
			);
		};
/* End PBXProject section */

/* Begin PBXResourcesBuildPhase section */
		20E36AB018C27DBA00E12C92 /* Resources */ = {
			isa = PBXResourcesBuildPhase;
			buildActionMask = 2147483647;
			files = (
				20E36ACC18C27DBA00E12C92 /* Main_iPad.storyboard in Resources */,
				20E36AD118C27DBA00E12C92 /* Images.xcassets in Resources */,
				20E36AC918C27DBA00E12C92 /* Main_iPhone.storyboard in Resources */,
				20E36AC018C27DBA00E12C92 /* InfoPlist.strings in Resources */,
			);
			runOnlyForDeploymentPostprocessing = 0;
		};
		20E36AD418C27DBA00E12C92 /* Resources */ = {
			isa = PBXResourcesBuildPhase;
			buildActionMask = 2147483647;
			files = (
				20E36AE218C27DBA00E12C92 /* InfoPlist.strings in Resources */,
			);
			runOnlyForDeploymentPostprocessing = 0;
		};
/* End PBXResourcesBuildPhase section */

/* Begin PBXSourcesBuildPhase section */
		20E36AAE18C27DBA00E12C92 /* Sources */ = {
			isa = PBXSourcesBuildPhase;
			buildActionMask = 2147483647;
			files = (
				20E36ACF18C27DBA00E12C92 /* ViewController.m in Sources */,
				20E36AC618C27DBA00E12C92 /* AppDelegate.m in Sources */,
				20E36AC218C27DBA00E12C92 /* main.m in Sources */,
			);
			runOnlyForDeploymentPostprocessing = 0;
		};
		20E36AD218C27DBA00E12C92 /* Sources */ = {
			isa = PBXSourcesBuildPhase;
			buildActionMask = 2147483647;
			files = (
				20E36AE418C27DBA00E12C92 /* TestAppTests.m in Sources */,
			);
			runOnlyForDeploymentPostprocessing = 0;
		};
/* End PBXSourcesBuildPhase section */

/* Begin PBXTargetDependency section */
		20E36ADC18C27DBA00E12C92 /* PBXTargetDependency */ = {
			isa = PBXTargetDependency;
			target = 20E36AB118C27DBA00E12C92 /* TestApp */;
			targetProxy = 20E36ADB18C27DBA00E12C92 /* PBXContainerItemProxy */;
		};
/* End PBXTargetDependency section */

/* Begin PBXVariantGroup section */
		20E36ABE18C27DBA00E12C92 /* InfoPlist.strings */ = {
			isa = PBXVariantGroup;
			children = (
				20E36ABF18C27DBA00E12C92 /* en */,
			);
			name = InfoPlist.strings;
			sourceTree = "<group>";
		};
		20E36AC718C27DBA00E12C92 /* Main_iPhone.storyboard */ = {
			isa = PBXVariantGroup;
			children = (
				20E36AC818C27DBA00E12C92 /* Base */,
			);
			name = Main_iPhone.storyboard;
			sourceTree = "<group>";
		};
		20E36ACA18C27DBA00E12C92 /* Main_iPad.storyboard */ = {
			isa = PBXVariantGroup;
			children = (
				20E36ACB18C27DBA00E12C92 /* Base */,
			);
			name = Main_iPad.storyboard;
			sourceTree = "<group>";
		};
		20E36AE018C27DBA00E12C92 /* InfoPlist.strings */ = {
			isa = PBXVariantGroup;
			children = (
				20E36AE118C27DBA00E12C92 /* en */,
			);
			name = InfoPlist.strings;
			sourceTree = "<group>";
		};
/* End PBXVariantGroup section */

/* Begin XCBuildConfiguration section */
		20E36AE518C27DBA00E12C92 /* Debug */ = {
			isa = XCBuildConfiguration;
			buildSettings = {
				ALWAYS_SEARCH_USER_PATHS = NO;
				ARCHS = "$(ARCHS_STANDARD_INCLUDING_64_BIT)";
				CLANG_CXX_LANGUAGE_STANDARD = "gnu++0x";
				CLANG_CXX_LIBRARY = "libc++";
				CLANG_ENABLE_MODULES = YES;
				CLANG_ENABLE_OBJC_ARC = YES;
				CLANG_WARN_BOOL_CONVERSION = YES;
				CLANG_WARN_CONSTANT_CONVERSION = YES;
				CLANG_WARN_DIRECT_OBJC_ISA_USAGE = YES_ERROR;
				CLANG_WARN_EMPTY_BODY = YES;
				CLANG_WARN_ENUM_CONVERSION = YES;
				CLANG_WARN_INT_CONVERSION = YES;
				CLANG_WARN_OBJC_ROOT_CLASS = YES_ERROR;
				CLANG_WARN__DUPLICATE_METHOD_MATCH = YES;
				"CODE_SIGN_IDENTITY[sdk=iphoneos*]" = "iPhone Developer";
				COPY_PHASE_STRIP = NO;
				GCC_C_LANGUAGE_STANDARD = gnu99;
				GCC_DYNAMIC_NO_PIC = NO;
				GCC_OPTIMIZATION_LEVEL = 0;
				GCC_PREPROCESSOR_DEFINITIONS = (
					"DEBUG=1",
					"$(inherited)",
				);
				GCC_SYMBOLS_PRIVATE_EXTERN = NO;
				GCC_WARN_64_TO_32_BIT_CONVERSION = YES;
				GCC_WARN_ABOUT_RETURN_TYPE = YES_ERROR;
				GCC_WARN_UNDECLARED_SELECTOR = YES;
				GCC_WARN_UNINITIALIZED_AUTOS = YES;
				GCC_WARN_UNUSED_FUNCTION = YES;
				GCC_WARN_UNUSED_VARIABLE = YES;
				IPHONEOS_DEPLOYMENT_TARGET = 7.0;
				ONLY_ACTIVE_ARCH = YES;
				SDKROOT = iphoneos;
				TARGETED_DEVICE_FAMILY = "1,2";
			};
			name = Debug;
		};
		20E36AE618C27DBA00E12C92 /* Release */ = {
			isa = XCBuildConfiguration;
			buildSettings = {
				ALWAYS_SEARCH_USER_PATHS = NO;
				ARCHS = "$(ARCHS_STANDARD_INCLUDING_64_BIT)";
				CLANG_CXX_LANGUAGE_STANDARD = "gnu++0x";
				CLANG_CXX_LIBRARY = "libc++";
				CLANG_ENABLE_MODULES = YES;
				CLANG_ENABLE_OBJC_ARC = YES;
				CLANG_WARN_BOOL_CONVERSION = YES;
				CLANG_WARN_CONSTANT_CONVERSION = YES;
				CLANG_WARN_DIRECT_OBJC_ISA_USAGE = YES_ERROR;
				CLANG_WARN_EMPTY_BODY = YES;
				CLANG_WARN_ENUM_CONVERSION = YES;
				CLANG_WARN_INT_CONVERSION = YES;
				CLANG_WARN_OBJC_ROOT_CLASS = YES_ERROR;
				CLANG_WARN__DUPLICATE_METHOD_MATCH = YES;
				"CODE_SIGN_IDENTITY[sdk=iphoneos*]" = "iPhone Developer";
				COPY_PHASE_STRIP = YES;
				ENABLE_NS_ASSERTIONS = NO;
				GCC_C_LANGUAGE_STANDARD = gnu99;
				GCC_WARN_64_TO_32_BIT_CONVERSION = YES;
				GCC_WARN_ABOUT_RETURN_TYPE = YES_ERROR;
				GCC_WARN_UNDECLARED_SELECTOR = YES;
				GCC_WARN_UNINITIALIZED_AUTOS = YES;
				GCC_WARN_UNUSED_FUNCTION = YES;
				GCC_WARN_UNUSED_VARIABLE = YES;
				IPHONEOS_DEPLOYMENT_TARGET = 7.0;
				SDKROOT = iphoneos;
				TARGETED_DEVICE_FAMILY = "1,2";
				VALIDATE_PRODUCT = YES;
			};
			name = Release;
		};
		20E36AE818C27DBA00E12C92 /* Debug */ = {
			isa = XCBuildConfiguration;
			buildSettings = {
				ASSETCATALOG_COMPILER_APPICON_NAME = AppIcon;
				ASSETCATALOG_COMPILER_LAUNCHIMAGE_NAME = LaunchImage;
				GCC_PRECOMPILE_PREFIX_HEADER = YES;
				GCC_PREFIX_HEADER = "TestApp/TestApp-Prefix.pch";
				INFOPLIST_FILE = "TestApp/TestApp-Info.plist";
				PRODUCT_NAME = "$(TARGET_NAME)";
				WRAPPER_EXTENSION = app;
			};
			name = Debug;
		};
		20E36AE918C27DBA00E12C92 /* Release */ = {
			isa = XCBuildConfiguration;
			buildSettings = {
				ASSETCATALOG_COMPILER_APPICON_NAME = AppIcon;
				ASSETCATALOG_COMPILER_LAUNCHIMAGE_NAME = LaunchImage;
				GCC_PRECOMPILE_PREFIX_HEADER = YES;
				GCC_PREFIX_HEADER = "TestApp/TestApp-Prefix.pch";
				INFOPLIST_FILE = "TestApp/TestApp-Info.plist";
				PRODUCT_NAME = "$(TARGET_NAME)";
				WRAPPER_EXTENSION = app;
			};
			name = Release;
		};
		20E36AEB18C27DBA00E12C92 /* Debug */ = {
			isa = XCBuildConfiguration;
			buildSettings = {
				ARCHS = "$(ARCHS_STANDARD_INCLUDING_64_BIT)";
				BUNDLE_LOADER = "$(BUILT_PRODUCTS_DIR)/TestApp.app/TestApp";
				FRAMEWORK_SEARCH_PATHS = (
					"$(SDKROOT)/Developer/Library/Frameworks",
					"$(inherited)",
					"$(DEVELOPER_FRAMEWORKS_DIR)",
				);
				GCC_PRECOMPILE_PREFIX_HEADER = YES;
				GCC_PREFIX_HEADER = "TestApp/TestApp-Prefix.pch";
				GCC_PREPROCESSOR_DEFINITIONS = (
					"DEBUG=1",
					"$(inherited)",
				);
				INFOPLIST_FILE = "TestAppTests/TestAppTests-Info.plist";
				PRODUCT_NAME = "$(TARGET_NAME)";
				TEST_HOST = "$(BUNDLE_LOADER)";
				WRAPPER_EXTENSION = xctest;
			};
			name = Debug;
		};
		20E36AEC18C27DBA00E12C92 /* Release */ = {
			isa = XCBuildConfiguration;
			buildSettings = {
				ARCHS = "$(ARCHS_STANDARD_INCLUDING_64_BIT)";
				BUNDLE_LOADER = "$(BUILT_PRODUCTS_DIR)/TestApp.app/TestApp";
				FRAMEWORK_SEARCH_PATHS = (
					"$(SDKROOT)/Developer/Library/Frameworks",
					"$(inherited)",
					"$(DEVELOPER_FRAMEWORKS_DIR)",
				);
				GCC_PRECOMPILE_PREFIX_HEADER = YES;
				GCC_PREFIX_HEADER = "TestApp/TestApp-Prefix.pch";
				INFOPLIST_FILE = "TestAppTests/TestAppTests-Info.plist";
				PRODUCT_NAME = "$(TARGET_NAME)";
				TEST_HOST = "$(BUNDLE_LOADER)";
				WRAPPER_EXTENSION = xctest;
			};
			name = Release;
		};
/* End XCBuildConfiguration section */

/* Begin XCConfigurationList section */
		20E36AAD18C27DBA00E12C92 /* Build configuration list for PBXProject "TestApp" */ = {
			isa = XCConfigurationList;
			buildConfigurations = (
				20E36AE518C27DBA00E12C92 /* Debug */,
				20E36AE618C27DBA00E12C92 /* Release */,
			);
			defaultConfigurationIsVisible = 0;
			defaultConfigurationName = Release;
		};
		20E36AE718C27DBA00E12C92 /* Build configuration list for PBXNativeTarget "TestApp" */ = {
			isa = XCConfigurationList;
			buildConfigurations = (
				20E36AE818C27DBA00E12C92 /* Debug */,
				20E36AE918C27DBA00E12C92 /* Release */,
			);
			defaultConfigurationIsVisible = 0;
		};
		20E36AEA18C27DBA00E12C92 /* Build configuration list for PBXNativeTarget "TestAppTests" */ = {
			isa = XCConfigurationList;
			buildConfigurations = (
				20E36AEB18C27DBA00E12C92 /* Debug */,
				20E36AEC18C27DBA00E12C92 /* Release */,
			);
			defaultConfigurationIsVisible = 0;
		};
/* End XCConfigurationList section */
	};
	rootObject = 20E36AAA18C27DBA00E12C92 /* Project object */;
}
