// !$*UTF8*$!
{
	archiveVersion = 1;
	classes = {
	};
	objectVersion = 46;
	objects = {

/* Begin PBXBuildFile section */
		205AD1CB18C3745000F7D3FB /* Foundation.framework in Frameworks */ = {isa = PBXBuildFile; fileRef = 205AD1CA18C3745000F7D3FB /* Foundation.framework */; };
		205AD1CD18C3745000F7D3FB /* CoreGraphics.framework in Frameworks */ = {isa = PBXBuildFile; fileRef = 205AD1CC18C3745000F7D3FB /* CoreGraphics.framework */; };
		205AD1CF18C3745000F7D3FB /* UIKit.framework in Frameworks */ = {isa = PBXBuildFile; fileRef = 205AD1CE18C3745000F7D3FB /* UIKit.framework */; };
		205AD1D518C3745000F7D3FB /* InfoPlist.strings in Resources */ = {isa = PBXBuildFile; fileRef = 205AD1D318C3745000F7D3FB /* InfoPlist.strings */; };
		205AD1D718C3745000F7D3FB /* main.m in Sources */ = {isa = PBXBuildFile; fileRef = 205AD1D618C3745000F7D3FB /* main.m */; };
		205AD1DB18C3745000F7D3FB /* AppDelegate.m in Sources */ = {isa = PBXBuildFile; fileRef = 205AD1DA18C3745000F7D3FB /* AppDelegate.m */; };
		205AD1DE18C3745000F7D3FB /* Main_iPhone.storyboard in Resources */ = {isa = PBXBuildFile; fileRef = 205AD1DC18C3745000F7D3FB /* Main_iPhone.storyboard */; };
		205AD1E118C3745000F7D3FB /* Main_iPad.storyboard in Resources */ = {isa = PBXBuildFile; fileRef = 205AD1DF18C3745000F7D3FB /* Main_iPad.storyboard */; };
		205AD1E418C3745000F7D3FB /* ViewController.m in Sources */ = {isa = PBXBuildFile; fileRef = 205AD1E318C3745000F7D3FB /* ViewController.m */; };
		205AD1E618C3745000F7D3FB /* Images.xcassets in Resources */ = {isa = PBXBuildFile; fileRef = 205AD1E518C3745000F7D3FB /* Images.xcassets */; };
		205AD1ED18C3745100F7D3FB /* XCTest.framework in Frameworks */ = {isa = PBXBuildFile; fileRef = 205AD1EC18C3745100F7D3FB /* XCTest.framework */; };
		205AD1EE18C3745100F7D3FB /* Foundation.framework in Frameworks */ = {isa = PBXBuildFile; fileRef = 205AD1CA18C3745000F7D3FB /* Foundation.framework */; };
		205AD1EF18C3745100F7D3FB /* UIKit.framework in Frameworks */ = {isa = PBXBuildFile; fileRef = 205AD1CE18C3745000F7D3FB /* UIKit.framework */; };
		205AD1F718C3745100F7D3FB /* InfoPlist.strings in Resources */ = {isa = PBXBuildFile; fileRef = 205AD1F518C3745100F7D3FB /* InfoPlist.strings */; };
		205AD1F918C3745100F7D3FB /* newAppTests.m in Sources */ = {isa = PBXBuildFile; fileRef = 205AD1F818C3745100F7D3FB /* newAppTests.m */; };
/* End PBXBuildFile section */

/* Begin PBXContainerItemProxy section */
		205AD1F018C3745100F7D3FB /* PBXContainerItemProxy */ = {
			isa = PBXContainerItemProxy;
			containerPortal = 205AD1BF18C3745000F7D3FB /* Project object */;
			proxyType = 1;
			remoteGlobalIDString = 205AD1C618C3745000F7D3FB;
			remoteInfo = newApp;
		};
/* End PBXContainerItemProxy section */

/* Begin PBXFileReference section */
		205AD1C718C3745000F7D3FB /* newApp.app */ = {isa = PBXFileReference; explicitFileType = wrapper.application; includeInIndex = 0; path = newApp.app; sourceTree = BUILT_PRODUCTS_DIR; };
		205AD1CA18C3745000F7D3FB /* Foundation.framework */ = {isa = PBXFileReference; lastKnownFileType = wrapper.framework; name = Foundation.framework; path = System/Library/Frameworks/Foundation.framework; sourceTree = SDKROOT; };
		205AD1CC18C3745000F7D3FB /* CoreGraphics.framework */ = {isa = PBXFileReference; lastKnownFileType = wrapper.framework; name = CoreGraphics.framework; path = System/Library/Frameworks/CoreGraphics.framework; sourceTree = SDKROOT; };
		205AD1CE18C3745000F7D3FB /* UIKit.framework */ = {isa = PBXFileReference; lastKnownFileType = wrapper.framework; name = UIKit.framework; path = System/Library/Frameworks/UIKit.framework; sourceTree = SDKROOT; };
		205AD1D218C3745000F7D3FB /* newApp-Info.plist */ = {isa = PBXFileReference; lastKnownFileType = text.plist.xml; path = "newApp-Info.plist"; sourceTree = "<group>"; };
		205AD1D418C3745000F7D3FB /* en */ = {isa = PBXFileReference; lastKnownFileType = text.plist.strings; name = en; path = en.lproj/InfoPlist.strings; sourceTree = "<group>"; };
		205AD1D618C3745000F7D3FB /* main.m */ = {isa = PBXFileReference; lastKnownFileType = sourcecode.c.objc; path = main.m; sourceTree = "<group>"; };
		205AD1D818C3745000F7D3FB /* newApp-Prefix.pch */ = {isa = PBXFileReference; lastKnownFileType = sourcecode.c.h; path = "newApp-Prefix.pch"; sourceTree = "<group>"; };
		205AD1D918C3745000F7D3FB /* AppDelegate.h */ = {isa = PBXFileReference; lastKnownFileType = sourcecode.c.h; path = AppDelegate.h; sourceTree = "<group>"; };
		205AD1DA18C3745000F7D3FB /* AppDelegate.m */ = {isa = PBXFileReference; lastKnownFileType = sourcecode.c.objc; path = AppDelegate.m; sourceTree = "<group>"; };
		205AD1DD18C3745000F7D3FB /* Base */ = {isa = PBXFileReference; lastKnownFileType = file.storyboard; name = Base; path = Base.lproj/Main_iPhone.storyboard; sourceTree = "<group>"; };
		205AD1E018C3745000F7D3FB /* Base */ = {isa = PBXFileReference; lastKnownFileType = file.storyboard; name = Base; path = Base.lproj/Main_iPad.storyboard; sourceTree = "<group>"; };
		205AD1E218C3745000F7D3FB /* ViewController.h */ = {isa = PBXFileReference; lastKnownFileType = sourcecode.c.h; path = ViewController.h; sourceTree = "<group>"; };
		205AD1E318C3745000F7D3FB /* ViewController.m */ = {isa = PBXFileReference; lastKnownFileType = sourcecode.c.objc; path = ViewController.m; sourceTree = "<group>"; };
		205AD1E518C3745000F7D3FB /* Images.xcassets */ = {isa = PBXFileReference; lastKnownFileType = folder.assetcatalog; path = Images.xcassets; sourceTree = "<group>"; };
		205AD1EB18C3745100F7D3FB /* newAppTests.xctest */ = {isa = PBXFileReference; explicitFileType = wrapper.cfbundle; includeInIndex = 0; path = newAppTests.xctest; sourceTree = BUILT_PRODUCTS_DIR; };
		205AD1EC18C3745100F7D3FB /* XCTest.framework */ = {isa = PBXFileReference; lastKnownFileType = wrapper.framework; name = XCTest.framework; path = Library/Frameworks/XCTest.framework; sourceTree = DEVELOPER_DIR; };
		205AD1F418C3745100F7D3FB /* newAppTests-Info.plist */ = {isa = PBXFileReference; lastKnownFileType = text.plist.xml; path = "newAppTests-Info.plist"; sourceTree = "<group>"; };
		205AD1F618C3745100F7D3FB /* en */ = {isa = PBXFileReference; lastKnownFileType = text.plist.strings; name = en; path = en.lproj/InfoPlist.strings; sourceTree = "<group>"; };
		205AD1F818C3745100F7D3FB /* newAppTests.m */ = {isa = PBXFileReference; lastKnownFileType = sourcecode.c.objc; path = newAppTests.m; sourceTree = "<group>"; };
/* End PBXFileReference section */

/* Begin PBXFrameworksBuildPhase section */
		205AD1C418C3745000F7D3FB /* Frameworks */ = {
			isa = PBXFrameworksBuildPhase;
			buildActionMask = 2147483647;
			files = (
				205AD1CD18C3745000F7D3FB /* CoreGraphics.framework in Frameworks */,
				205AD1CF18C3745000F7D3FB /* UIKit.framework in Frameworks */,
				205AD1CB18C3745000F7D3FB /* Foundation.framework in Frameworks */,
			);
			runOnlyForDeploymentPostprocessing = 0;
		};
		205AD1E818C3745100F7D3FB /* Frameworks */ = {
			isa = PBXFrameworksBuildPhase;
			buildActionMask = 2147483647;
			files = (
				205AD1ED18C3745100F7D3FB /* XCTest.framework in Frameworks */,
				205AD1EF18C3745100F7D3FB /* UIKit.framework in Frameworks */,
				205AD1EE18C3745100F7D3FB /* Foundation.framework in Frameworks */,
			);
			runOnlyForDeploymentPostprocessing = 0;
		};
/* End PBXFrameworksBuildPhase section */

/* Begin PBXGroup section */
		205AD1BE18C3745000F7D3FB = {
			isa = PBXGroup;
			children = (
				205AD1D018C3745000F7D3FB /* newApp */,
				205AD1F218C3745100F7D3FB /* newAppTests */,
				205AD1C918C3745000F7D3FB /* Frameworks */,
				205AD1C818C3745000F7D3FB /* Products */,
			);
			sourceTree = "<group>";
		};
		205AD1C818C3745000F7D3FB /* Products */ = {
			isa = PBXGroup;
			children = (
				205AD1C718C3745000F7D3FB /* newApp.app */,
				205AD1EB18C3745100F7D3FB /* newAppTests.xctest */,
			);
			name = Products;
			sourceTree = "<group>";
		};
		205AD1C918C3745000F7D3FB /* Frameworks */ = {
			isa = PBXGroup;
			children = (
				205AD1CA18C3745000F7D3FB /* Foundation.framework */,
				205AD1CC18C3745000F7D3FB /* CoreGraphics.framework */,
				205AD1CE18C3745000F7D3FB /* UIKit.framework */,
				205AD1EC18C3745100F7D3FB /* XCTest.framework */,
			);
			name = Frameworks;
			sourceTree = "<group>";
		};
		205AD1D018C3745000F7D3FB /* newApp */ = {
			isa = PBXGroup;
			children = (
				205AD1D918C3745000F7D3FB /* AppDelegate.h */,
				205AD1DA18C3745000F7D3FB /* AppDelegate.m */,
				205AD1DC18C3745000F7D3FB /* Main_iPhone.storyboard */,
				205AD1DF18C3745000F7D3FB /* Main_iPad.storyboard */,
				205AD1E218C3745000F7D3FB /* ViewController.h */,
				205AD1E318C3745000F7D3FB /* ViewController.m */,
				205AD1E518C3745000F7D3FB /* Images.xcassets */,
				205AD1D118C3745000F7D3FB /* Supporting Files */,
			);
			path = newApp;
			sourceTree = "<group>";
		};
		205AD1D118C3745000F7D3FB /* Supporting Files */ = {
			isa = PBXGroup;
			children = (
				205AD1D218C3745000F7D3FB /* newApp-Info.plist */,
				205AD1D318C3745000F7D3FB /* InfoPlist.strings */,
				205AD1D618C3745000F7D3FB /* main.m */,
				205AD1D818C3745000F7D3FB /* newApp-Prefix.pch */,
			);
			name = "Supporting Files";
			sourceTree = "<group>";
		};
		205AD1F218C3745100F7D3FB /* newAppTests */ = {
			isa = PBXGroup;
			children = (
				205AD1F818C3745100F7D3FB /* newAppTests.m */,
				205AD1F318C3745100F7D3FB /* Supporting Files */,
			);
			path = newAppTests;
			sourceTree = "<group>";
		};
		205AD1F318C3745100F7D3FB /* Supporting Files */ = {
			isa = PBXGroup;
			children = (
				205AD1F418C3745100F7D3FB /* newAppTests-Info.plist */,
				205AD1F518C3745100F7D3FB /* InfoPlist.strings */,
			);
			name = "Supporting Files";
			sourceTree = "<group>";
		};
/* End PBXGroup section */

/* Begin PBXNativeTarget section */
		205AD1C618C3745000F7D3FB /* newApp */ = {
			isa = PBXNativeTarget;
			buildConfigurationList = 205AD1FC18C3745100F7D3FB /* Build configuration list for PBXNativeTarget "newApp" */;
			buildPhases = (
				205AD1C318C3745000F7D3FB /* Sources */,
				205AD1C418C3745000F7D3FB /* Frameworks */,
				205AD1C518C3745000F7D3FB /* Resources */,
			);
			buildRules = (
			);
			dependencies = (
			);
			name = newApp;
			productName = newApp;
			productReference = 205AD1C718C3745000F7D3FB /* newApp.app */;
			productType = "com.apple.product-type.application";
		};
		205AD1EA18C3745100F7D3FB /* newAppTests */ = {
			isa = PBXNativeTarget;
			buildConfigurationList = 205AD1FF18C3745100F7D3FB /* Build configuration list for PBXNativeTarget "newAppTests" */;
			buildPhases = (
				205AD1E718C3745100F7D3FB /* Sources */,
				205AD1E818C3745100F7D3FB /* Frameworks */,
				205AD1E918C3745100F7D3FB /* Resources */,
			);
			buildRules = (
			);
			dependencies = (
				205AD1F118C3745100F7D3FB /* PBXTargetDependency */,
			);
			name = newAppTests;
			productName = newAppTests;
			productReference = 205AD1EB18C3745100F7D3FB /* newAppTests.xctest */;
			productType = "com.apple.product-type.bundle.unit-test";
		};
/* End PBXNativeTarget section */

/* Begin PBXProject section */
		205AD1BF18C3745000F7D3FB /* Project object */ = {
			isa = PBXProject;
			attributes = {
				LastUpgradeCheck = 0500;
				ORGANIZATIONNAME = "Federico Paini";
				TargetAttributes = {
					205AD1EA18C3745100F7D3FB = {
						TestTargetID = 205AD1C618C3745000F7D3FB;
					};
				};
			};
			buildConfigurationList = 205AD1C218C3745000F7D3FB /* Build configuration list for PBXProject "newApp" */;
			compatibilityVersion = "Xcode 3.2";
			developmentRegion = English;
			hasScannedForEncodings = 0;
			knownRegions = (
				en,
				Base,
			);
			mainGroup = 205AD1BE18C3745000F7D3FB;
			productRefGroup = 205AD1C818C3745000F7D3FB /* Products */;
			projectDirPath = "";
			projectRoot = "";
			targets = (
				205AD1C618C3745000F7D3FB /* newApp */,
				205AD1EA18C3745100F7D3FB /* newAppTests */,
			);
		};
/* End PBXProject section */

/* Begin PBXResourcesBuildPhase section */
		205AD1C518C3745000F7D3FB /* Resources */ = {
			isa = PBXResourcesBuildPhase;
			buildActionMask = 2147483647;
			files = (
				205AD1E118C3745000F7D3FB /* Main_iPad.storyboard in Resources */,
				205AD1E618C3745000F7D3FB /* Images.xcassets in Resources */,
				205AD1DE18C3745000F7D3FB /* Main_iPhone.storyboard in Resources */,
				205AD1D518C3745000F7D3FB /* InfoPlist.strings in Resources */,
			);
			runOnlyForDeploymentPostprocessing = 0;
		};
		205AD1E918C3745100F7D3FB /* Resources */ = {
			isa = PBXResourcesBuildPhase;
			buildActionMask = 2147483647;
			files = (
				205AD1F718C3745100F7D3FB /* InfoPlist.strings in Resources */,
			);
			runOnlyForDeploymentPostprocessing = 0;
		};
/* End PBXResourcesBuildPhase section */

/* Begin PBXSourcesBuildPhase section */
		205AD1C318C3745000F7D3FB /* Sources */ = {
			isa = PBXSourcesBuildPhase;
			buildActionMask = 2147483647;
			files = (
				205AD1E418C3745000F7D3FB /* ViewController.m in Sources */,
				205AD1DB18C3745000F7D3FB /* AppDelegate.m in Sources */,
				205AD1D718C3745000F7D3FB /* main.m in Sources */,
			);
			runOnlyForDeploymentPostprocessing = 0;
		};
		205AD1E718C3745100F7D3FB /* Sources */ = {
			isa = PBXSourcesBuildPhase;
			buildActionMask = 2147483647;
			files = (
				205AD1F918C3745100F7D3FB /* newAppTests.m in Sources */,
			);
			runOnlyForDeploymentPostprocessing = 0;
		};
/* End PBXSourcesBuildPhase section */

/* Begin PBXTargetDependency section */
		205AD1F118C3745100F7D3FB /* PBXTargetDependency */ = {
			isa = PBXTargetDependency;
			target = 205AD1C618C3745000F7D3FB /* newApp */;
			targetProxy = 205AD1F018C3745100F7D3FB /* PBXContainerItemProxy */;
		};
/* End PBXTargetDependency section */

/* Begin PBXVariantGroup section */
		205AD1D318C3745000F7D3FB /* InfoPlist.strings */ = {
			isa = PBXVariantGroup;
			children = (
				205AD1D418C3745000F7D3FB /* en */,
			);
			name = InfoPlist.strings;
			sourceTree = "<group>";
		};
		205AD1DC18C3745000F7D3FB /* Main_iPhone.storyboard */ = {
			isa = PBXVariantGroup;
			children = (
				205AD1DD18C3745000F7D3FB /* Base */,
			);
			name = Main_iPhone.storyboard;
			sourceTree = "<group>";
		};
		205AD1DF18C3745000F7D3FB /* Main_iPad.storyboard */ = {
			isa = PBXVariantGroup;
			children = (
				205AD1E018C3745000F7D3FB /* Base */,
			);
			name = Main_iPad.storyboard;
			sourceTree = "<group>";
		};
		205AD1F518C3745100F7D3FB /* InfoPlist.strings */ = {
			isa = PBXVariantGroup;
			children = (
				205AD1F618C3745100F7D3FB /* en */,
			);
			name = InfoPlist.strings;
			sourceTree = "<group>";
		};
/* End PBXVariantGroup section */

/* Begin XCBuildConfiguration section */
		205AD1FA18C3745100F7D3FB /* Debug */ = {
			isa = XCBuildConfiguration;
			buildSettings = {
				ALWAYS_SEARCH_USER_PATHS = NO;
				ARCHS = "$(ARCHS_STANDARD_INCLUDING_64_BIT)";
				CLANG_CXX_LANGUAGE_STANDARD = "gnu++0x";
				CLANG_CXX_LIBRARY = "libc++";
				CLANG_ENABLE_MODULES = YES;
				CLANG_ENABLE_OBJC_ARC = YES;
				CLANG_WARN_BOOL_CONVERSION = YES;
				CLANG_WARN_CONSTANT_CONVERSION = YES;
				CLANG_WARN_DIRECT_OBJC_ISA_USAGE = YES_ERROR;
				CLANG_WARN_EMPTY_BODY = YES;
				CLANG_WARN_ENUM_CONVERSION = YES;
				CLANG_WARN_INT_CONVERSION = YES;
				CLANG_WARN_OBJC_ROOT_CLASS = YES_ERROR;
				CLANG_WARN__DUPLICATE_METHOD_MATCH = YES;
				"CODE_SIGN_IDENTITY[sdk=iphoneos*]" = "iPhone Developer";
				COPY_PHASE_STRIP = NO;
				GCC_C_LANGUAGE_STANDARD = gnu99;
				GCC_DYNAMIC_NO_PIC = NO;
				GCC_OPTIMIZATION_LEVEL = 0;
				GCC_PREPROCESSOR_DEFINITIONS = (
					"DEBUG=1",
					"$(inherited)",
				);
				GCC_SYMBOLS_PRIVATE_EXTERN = NO;
				GCC_WARN_64_TO_32_BIT_CONVERSION = YES;
				GCC_WARN_ABOUT_RETURN_TYPE = YES_ERROR;
				GCC_WARN_UNDECLARED_SELECTOR = YES;
				GCC_WARN_UNINITIALIZED_AUTOS = YES;
				GCC_WARN_UNUSED_FUNCTION = YES;
				GCC_WARN_UNUSED_VARIABLE = YES;
				IPHONEOS_DEPLOYMENT_TARGET = 7.0;
				ONLY_ACTIVE_ARCH = YES;
				SDKROOT = iphoneos;
				TARGETED_DEVICE_FAMILY = "1,2";
			};
			name = Debug;
		};
		205AD1FB18C3745100F7D3FB /* Release */ = {
			isa = XCBuildConfiguration;
			buildSettings = {
				ALWAYS_SEARCH_USER_PATHS = NO;
				ARCHS = "$(ARCHS_STANDARD_INCLUDING_64_BIT)";
				CLANG_CXX_LANGUAGE_STANDARD = "gnu++0x";
				CLANG_CXX_LIBRARY = "libc++";
				CLANG_ENABLE_MODULES = YES;
				CLANG_ENABLE_OBJC_ARC = YES;
				CLANG_WARN_BOOL_CONVERSION = YES;
				CLANG_WARN_CONSTANT_CONVERSION = YES;
				CLANG_WARN_DIRECT_OBJC_ISA_USAGE = YES_ERROR;
				CLANG_WARN_EMPTY_BODY = YES;
				CLANG_WARN_ENUM_CONVERSION = YES;
				CLANG_WARN_INT_CONVERSION = YES;
				CLANG_WARN_OBJC_ROOT_CLASS = YES_ERROR;
				CLANG_WARN__DUPLICATE_METHOD_MATCH = YES;
				"CODE_SIGN_IDENTITY[sdk=iphoneos*]" = "iPhone Developer";
				COPY_PHASE_STRIP = YES;
				ENABLE_NS_ASSERTIONS = NO;
				GCC_C_LANGUAGE_STANDARD = gnu99;
				GCC_WARN_64_TO_32_BIT_CONVERSION = YES;
				GCC_WARN_ABOUT_RETURN_TYPE = YES_ERROR;
				GCC_WARN_UNDECLARED_SELECTOR = YES;
				GCC_WARN_UNINITIALIZED_AUTOS = YES;
				GCC_WARN_UNUSED_FUNCTION = YES;
				GCC_WARN_UNUSED_VARIABLE = YES;
				IPHONEOS_DEPLOYMENT_TARGET = 7.0;
				SDKROOT = iphoneos;
				TARGETED_DEVICE_FAMILY = "1,2";
				VALIDATE_PRODUCT = YES;
			};
			name = Release;
		};
		205AD1FD18C3745100F7D3FB /* Debug */ = {
			isa = XCBuildConfiguration;
			buildSettings = {
				ASSETCATALOG_COMPILER_APPICON_NAME = AppIcon;
				ASSETCATALOG_COMPILER_LAUNCHIMAGE_NAME = LaunchImage;
				GCC_PRECOMPILE_PREFIX_HEADER = YES;
				GCC_PREFIX_HEADER = "newApp/newApp-Prefix.pch";
				INFOPLIST_FILE = "newApp/newApp-Info.plist";
				PRODUCT_NAME = "$(TARGET_NAME)";
				WRAPPER_EXTENSION = app;
			};
			name = Debug;
		};
		205AD1FE18C3745100F7D3FB /* Release */ = {
			isa = XCBuildConfiguration;
			buildSettings = {
				ASSETCATALOG_COMPILER_APPICON_NAME = AppIcon;
				ASSETCATALOG_COMPILER_LAUNCHIMAGE_NAME = LaunchImage;
				GCC_PRECOMPILE_PREFIX_HEADER = YES;
				GCC_PREFIX_HEADER = "newApp/newApp-Prefix.pch";
				INFOPLIST_FILE = "newApp/newApp-Info.plist";
				PRODUCT_NAME = "$(TARGET_NAME)";
				WRAPPER_EXTENSION = app;
			};
			name = Release;
		};
		205AD20018C3745100F7D3FB /* Debug */ = {
			isa = XCBuildConfiguration;
			buildSettings = {
				ARCHS = "$(ARCHS_STANDARD_INCLUDING_64_BIT)";
				BUNDLE_LOADER = "$(BUILT_PRODUCTS_DIR)/newApp.app/newApp";
				FRAMEWORK_SEARCH_PATHS = (
					"$(SDKROOT)/Developer/Library/Frameworks",
					"$(inherited)",
					"$(DEVELOPER_FRAMEWORKS_DIR)",
				);
				GCC_PRECOMPILE_PREFIX_HEADER = YES;
				GCC_PREFIX_HEADER = "newApp/newApp-Prefix.pch";
				GCC_PREPROCESSOR_DEFINITIONS = (
					"DEBUG=1",
					"$(inherited)",
				);
				INFOPLIST_FILE = "newAppTests/newAppTests-Info.plist";
				PRODUCT_NAME = "$(TARGET_NAME)";
				TEST_HOST = "$(BUNDLE_LOADER)";
				WRAPPER_EXTENSION = xctest;
			};
			name = Debug;
		};
		205AD20118C3745100F7D3FB /* Release */ = {
			isa = XCBuildConfiguration;
			buildSettings = {
				ARCHS = "$(ARCHS_STANDARD_INCLUDING_64_BIT)";
				BUNDLE_LOADER = "$(BUILT_PRODUCTS_DIR)/newApp.app/newApp";
				FRAMEWORK_SEARCH_PATHS = (
					"$(SDKROOT)/Developer/Library/Frameworks",
					"$(inherited)",
					"$(DEVELOPER_FRAMEWORKS_DIR)",
				);
				GCC_PRECOMPILE_PREFIX_HEADER = YES;
				GCC_PREFIX_HEADER = "newApp/newApp-Prefix.pch";
				INFOPLIST_FILE = "newAppTests/newAppTests-Info.plist";
				PRODUCT_NAME = "$(TARGET_NAME)";
				TEST_HOST = "$(BUNDLE_LOADER)";
				WRAPPER_EXTENSION = xctest;
			};
			name = Release;
		};
/* End XCBuildConfiguration section */

/* Begin XCConfigurationList section */
		205AD1C218C3745000F7D3FB /* Build configuration list for PBXProject "newApp" */ = {
			isa = XCConfigurationList;
			buildConfigurations = (
				205AD1FA18C3745100F7D3FB /* Debug */,
				205AD1FB18C3745100F7D3FB /* Release */,
			);
			defaultConfigurationIsVisible = 0;
			defaultConfigurationName = Release;
		};
		205AD1FC18C3745100F7D3FB /* Build configuration list for PBXNativeTarget "newApp" */ = {
			isa = XCConfigurationList;
			buildConfigurations = (
				205AD1FD18C3745100F7D3FB /* Debug */,
				205AD1FE18C3745100F7D3FB /* Release */,
			);
			defaultConfigurationIsVisible = 0;
		};
		205AD1FF18C3745100F7D3FB /* Build configuration list for PBXNativeTarget "newAppTests" */ = {
			isa = XCConfigurationList;
			buildConfigurations = (
				205AD20018C3745100F7D3FB /* Debug */,
				205AD20118C3745100F7D3FB /* Release */,
			);
			defaultConfigurationIsVisible = 0;
		};
/* End XCConfigurationList section */
	};
	rootObject = 205AD1BF18C3745000F7D3FB /* Project object */;
}
